
Microsoft Visual Studio Solution File, Format Version 12.00
# Visual Studio Version 17
VisualStudioVersion = 17.7.34221.43
MinimumVisualStudioVersion = 10.0.40219.1
Project("{FAE04EC0-301F-11D3-BF4B-00C04F79EFBC}") = "Project1 Elevator", "Project1 Elevator\Project1 Elevator.csproj", "{E2846016-FD2D-405A-B1CF-F83BC9730351}"
EndProject
Global
	GlobalSection(SolutionConfigurationPlatforms) = preSolution
		Debug|Any CPU = Debug|Any CPU
		Release|Any CPU = Release|Any CPU
	EndGlobalSection
	GlobalSection(ProjectConfigurationPlatforms) = postSolution
		{E2846016-FD2D-405A-B1CF-F83BC9730351}.Debug|Any CPU.ActiveCfg = Debug|Any CPU
		{E2846016-FD2D-405A-B1CF-F83BC9730351}.Debug|Any CPU.Build.0 = Debug|Any CPU
		{E2846016-FD2D-405A-B1CF-F83BC9730351}.Release|Any CPU.ActiveCfg = Release|Any CPU
		{E2846016-FD2D-405A-B1CF-F83BC9730351}.Release|Any CPU.Build.0 = Release|Any CPU
	EndGlobalSection
	GlobalSection(SolutionProperties) = preSolution
		HideSolutionNode = FALSE
	EndGlobalSection
	GlobalSection(ExtensibilityGlobals) = postSolution
		SolutionGuid = {936F0B23-7962-43E4-BF88-B7755B7BDCD5}
	EndGlobalSection
EndGlobal
